// !$*UTF8*$!
{
	archiveVersion = 1;
	classes = {
	};
	objectVersion = 50;
	objects = {

/* Begin PBXBuildFile section */
		A6D8B1BB2110E34100B9A9F7 /* AppDelegate.swift in Sources */ = {isa = PBXBuildFile; fileRef = A6D8B1BA2110E34100B9A9F7 /* AppDelegate.swift */; };
		A6D8B1C02110E34100B9A9F7 /* Main.storyboard in Resources */ = {isa = PBXBuildFile; fileRef = A6D8B1BE2110E34100B9A9F7 /* Main.storyboard */; };
		A6D8B1C22110E34200B9A9F7 /* Assets.xcassets in Resources */ = {isa = PBXBuildFile; fileRef = A6D8B1C12110E34200B9A9F7 /* Assets.xcassets */; };
		A6D8B1DF2110E4E800B9A9F7 /* DataProvider.swift in Sources */ = {isa = PBXBuildFile; fileRef = A6D8B1DE2110E4E800B9A9F7 /* DataProvider.swift */; };
		A6D8B1E22110E53A00B9A9F7 /* FilmInfoEnity.swift in Sources */ = {isa = PBXBuildFile; fileRef = A6D8B1E12110E53A00B9A9F7 /* FilmInfoEnity.swift */; };
		A6D8B1E42110E6DB00B9A9F7 /* PageEntity.swift in Sources */ = {isa = PBXBuildFile; fileRef = A6D8B1E32110E6DB00B9A9F7 /* PageEntity.swift */; };
		A6D8B1E72110E91700B9A9F7 /* Result.swift in Sources */ = {isa = PBXBuildFile; fileRef = A6D8B1E62110E91700B9A9F7 /* Result.swift */; };
		A6D8B1EA2110ED7E00B9A9F7 /* DataProviderTests.swift in Sources */ = {isa = PBXBuildFile; fileRef = A6D8B1E92110ED7E00B9A9F7 /* DataProviderTests.swift */; };
		A6D8B1EC2110F6CF00B9A9F7 /* SearchViewController.swift in Sources */ = {isa = PBXBuildFile; fileRef = A6D8B1EB2110F6CF00B9A9F7 /* SearchViewController.swift */; };
		A6D8B1F02110F73700B9A9F7 /* SearchViewModel.swift in Sources */ = {isa = PBXBuildFile; fileRef = A6D8B1EF2110F73700B9A9F7 /* SearchViewModel.swift */; };
		A6D8B1F22110FA5900B9A9F7 /* VoidClosure.swift in Sources */ = {isa = PBXBuildFile; fileRef = A6D8B1F12110FA5900B9A9F7 /* VoidClosure.swift */; };
		A6D8B1F62110FE5700B9A9F7 /* SearchViewModelTests.swift in Sources */ = {isa = PBXBuildFile; fileRef = A6D8B1F52110FE5700B9A9F7 /* SearchViewModelTests.swift */; };
		A6D8B1FA2110FE9B00B9A9F7 /* DummyDataProvider.swift in Sources */ = {isa = PBXBuildFile; fileRef = A6D8B1F92110FE9B00B9A9F7 /* DummyDataProvider.swift */; };
		A6D8B1FF21123AC400B9A9F7 /* SearchCoordinator.swift in Sources */ = {isa = PBXBuildFile; fileRef = A6D8B1FE21123AC400B9A9F7 /* SearchCoordinator.swift */; };
		A6D8B20221123B0900B9A9F7 /* Coordinator.swift in Sources */ = {isa = PBXBuildFile; fileRef = A6D8B20121123B0900B9A9F7 /* Coordinator.swift */; };
		A6D8B2042112477600B9A9F7 /* FilmModel.swift in Sources */ = {isa = PBXBuildFile; fileRef = A6D8B2032112477600B9A9F7 /* FilmModel.swift */; };
		A6D8B2062112487700B9A9F7 /* PageModel.swift in Sources */ = {isa = PBXBuildFile; fileRef = A6D8B2052112487700B9A9F7 /* PageModel.swift */; };
		A6D8B20821124B7400B9A9F7 /* DataProviderProtocol.swift in Sources */ = {isa = PBXBuildFile; fileRef = A6D8B20721124B7400B9A9F7 /* DataProviderProtocol.swift */; };
/* End PBXBuildFile section */

/* Begin PBXContainerItemProxy section */
		A6D8B1CC2110E34200B9A9F7 /* PBXContainerItemProxy */ = {
			isa = PBXContainerItemProxy;
			containerPortal = A6D8B1AF2110E34000B9A9F7 /* Project object */;
			proxyType = 1;
			remoteGlobalIDString = A6D8B1B62110E34000B9A9F7;
			remoteInfo = "themoviedb-app";
		};
/* End PBXContainerItemProxy section */

/* Begin PBXFileReference section */
		A6D8B1B72110E34000B9A9F7 /* themoviedb-app.app */ = {isa = PBXFileReference; explicitFileType = wrapper.application; includeInIndex = 0; path = "themoviedb-app.app"; sourceTree = BUILT_PRODUCTS_DIR; };
		A6D8B1BA2110E34100B9A9F7 /* AppDelegate.swift */ = {isa = PBXFileReference; lastKnownFileType = sourcecode.swift; path = AppDelegate.swift; sourceTree = "<group>"; };
		A6D8B1BF2110E34100B9A9F7 /* Base */ = {isa = PBXFileReference; lastKnownFileType = file.storyboard; name = Base; path = Base.lproj/Main.storyboard; sourceTree = "<group>"; };
		A6D8B1C12110E34200B9A9F7 /* Assets.xcassets */ = {isa = PBXFileReference; lastKnownFileType = folder.assetcatalog; path = Assets.xcassets; sourceTree = "<group>"; };
		A6D8B1C62110E34200B9A9F7 /* Info.plist */ = {isa = PBXFileReference; lastKnownFileType = text.plist.xml; path = Info.plist; sourceTree = "<group>"; };
		A6D8B1CB2110E34200B9A9F7 /* themoviedb-appTests.xctest */ = {isa = PBXFileReference; explicitFileType = wrapper.cfbundle; includeInIndex = 0; path = "themoviedb-appTests.xctest"; sourceTree = BUILT_PRODUCTS_DIR; };
		A6D8B1D12110E34200B9A9F7 /* Info.plist */ = {isa = PBXFileReference; lastKnownFileType = text.plist.xml; path = Info.plist; sourceTree = "<group>"; };
		A6D8B1DE2110E4E800B9A9F7 /* DataProvider.swift */ = {isa = PBXFileReference; lastKnownFileType = sourcecode.swift; path = DataProvider.swift; sourceTree = "<group>"; };
		A6D8B1E12110E53A00B9A9F7 /* FilmInfoEnity.swift */ = {isa = PBXFileReference; lastKnownFileType = sourcecode.swift; path = FilmInfoEnity.swift; sourceTree = "<group>"; };
		A6D8B1E32110E6DB00B9A9F7 /* PageEntity.swift */ = {isa = PBXFileReference; lastKnownFileType = sourcecode.swift; path = PageEntity.swift; sourceTree = "<group>"; };
		A6D8B1E62110E91700B9A9F7 /* Result.swift */ = {isa = PBXFileReference; lastKnownFileType = sourcecode.swift; path = Result.swift; sourceTree = "<group>"; };
		A6D8B1E92110ED7E00B9A9F7 /* DataProviderTests.swift */ = {isa = PBXFileReference; lastKnownFileType = sourcecode.swift; path = DataProviderTests.swift; sourceTree = "<group>"; };
		A6D8B1EB2110F6CF00B9A9F7 /* SearchViewController.swift */ = {isa = PBXFileReference; lastKnownFileType = sourcecode.swift; path = SearchViewController.swift; sourceTree = "<group>"; };
		A6D8B1EF2110F73700B9A9F7 /* SearchViewModel.swift */ = {isa = PBXFileReference; lastKnownFileType = sourcecode.swift; path = SearchViewModel.swift; sourceTree = "<group>"; };
		A6D8B1F12110FA5900B9A9F7 /* VoidClosure.swift */ = {isa = PBXFileReference; lastKnownFileType = sourcecode.swift; path = VoidClosure.swift; sourceTree = "<group>"; };
		A6D8B1F52110FE5700B9A9F7 /* SearchViewModelTests.swift */ = {isa = PBXFileReference; lastKnownFileType = sourcecode.swift; path = SearchViewModelTests.swift; sourceTree = "<group>"; };
		A6D8B1F92110FE9B00B9A9F7 /* DummyDataProvider.swift */ = {isa = PBXFileReference; lastKnownFileType = sourcecode.swift; path = DummyDataProvider.swift; sourceTree = "<group>"; };
		A6D8B1FE21123AC400B9A9F7 /* SearchCoordinator.swift */ = {isa = PBXFileReference; lastKnownFileType = sourcecode.swift; path = SearchCoordinator.swift; sourceTree = "<group>"; };
		A6D8B20121123B0900B9A9F7 /* Coordinator.swift */ = {isa = PBXFileReference; lastKnownFileType = sourcecode.swift; path = Coordinator.swift; sourceTree = "<group>"; };
		A6D8B2032112477600B9A9F7 /* FilmModel.swift */ = {isa = PBXFileReference; lastKnownFileType = sourcecode.swift; path = FilmModel.swift; sourceTree = "<group>"; };
		A6D8B2052112487700B9A9F7 /* PageModel.swift */ = {isa = PBXFileReference; lastKnownFileType = sourcecode.swift; path = PageModel.swift; sourceTree = "<group>"; };
		A6D8B20721124B7400B9A9F7 /* DataProviderProtocol.swift */ = {isa = PBXFileReference; lastKnownFileType = sourcecode.swift; path = DataProviderProtocol.swift; sourceTree = "<group>"; };
/* End PBXFileReference section */

/* Begin PBXFrameworksBuildPhase section */
		A6D8B1B42110E34000B9A9F7 /* Frameworks */ = {
			isa = PBXFrameworksBuildPhase;
			buildActionMask = 2147483647;
			files = (
			);
			runOnlyForDeploymentPostprocessing = 0;
		};
		A6D8B1C82110E34200B9A9F7 /* Frameworks */ = {
			isa = PBXFrameworksBuildPhase;
			buildActionMask = 2147483647;
			files = (
			);
			runOnlyForDeploymentPostprocessing = 0;
		};
/* End PBXFrameworksBuildPhase section */

/* Begin PBXGroup section */
		A6D8B1AE2110E34000B9A9F7 = {
			isa = PBXGroup;
			children = (
				A6D8B1B92110E34100B9A9F7 /* themoviedb-app */,
				A6D8B1CE2110E34200B9A9F7 /* themoviedb-appTests */,
				A6D8B1B82110E34000B9A9F7 /* Products */,
			);
			sourceTree = "<group>";
		};
		A6D8B1B82110E34000B9A9F7 /* Products */ = {
			isa = PBXGroup;
			children = (
				A6D8B1B72110E34000B9A9F7 /* themoviedb-app.app */,
				A6D8B1CB2110E34200B9A9F7 /* themoviedb-appTests.xctest */,
			);
			name = Products;
			sourceTree = "<group>";
		};
		A6D8B1B92110E34100B9A9F7 /* themoviedb-app */ = {
			isa = PBXGroup;
			children = (
				A6D8B1DB2110E3D400B9A9F7 /* Code */,
				A6D8B1DC2110E3E300B9A9F7 /* Resources */,
				A6D8B1DA2110E3AD00B9A9F7 /* Supporting Files */,
			);
			path = "themoviedb-app";
			sourceTree = "<group>";
		};
		A6D8B1CE2110E34200B9A9F7 /* themoviedb-appTests */ = {
			isa = PBXGroup;
			children = (
				A6D8B1F82110FE6E00B9A9F7 /* TestsSupportingClasses */,
				A6D8B1F72110FE5E00B9A9F7 /* ViewModels */,
				A6D8B1E82110ED6500B9A9F7 /* Services */,
				A6D8B1D12110E34200B9A9F7 /* Info.plist */,
			);
			path = "themoviedb-appTests";
			sourceTree = "<group>";
		};
		A6D8B1DA2110E3AD00B9A9F7 /* Supporting Files */ = {
			isa = PBXGroup;
			children = (
				A6D8B1C62110E34200B9A9F7 /* Info.plist */,
			);
			path = "Supporting Files";
			sourceTree = "<group>";
		};
		A6D8B1DB2110E3D400B9A9F7 /* Code */ = {
			isa = PBXGroup;
			children = (
				A6D8B1BA2110E34100B9A9F7 /* AppDelegate.swift */,
				A6D8B20021123AFC00B9A9F7 /* Base */,
				A6D8B1E52110E90A00B9A9F7 /* Utils */,
				A6D8B1E02110E50400B9A9F7 /* Entites */,
				A6D8B1DD2110E4C700B9A9F7 /* DataProvider */,
				A6D8B1FD21122D3900B9A9F7 /* Models */,
				A6D8B1ED2110F6FD00B9A9F7 /* Stories */,
			);
			path = Code;
			sourceTree = "<group>";
		};
		A6D8B1DC2110E3E300B9A9F7 /* Resources */ = {
			isa = PBXGroup;
			children = (
				A6D8B1C12110E34200B9A9F7 /* Assets.xcassets */,
			);
			path = Resources;
			sourceTree = "<group>";
		};
		A6D8B1DD2110E4C700B9A9F7 /* DataProvider */ = {
			isa = PBXGroup;
			children = (
				A6D8B20721124B7400B9A9F7 /* DataProviderProtocol.swift */,
				A6D8B1DE2110E4E800B9A9F7 /* DataProvider.swift */,
			);
			path = DataProvider;
			sourceTree = "<group>";
		};
		A6D8B1E02110E50400B9A9F7 /* Entites */ = {
			isa = PBXGroup;
			children = (
				A6D8B1E12110E53A00B9A9F7 /* FilmInfoEnity.swift */,
				A6D8B1E32110E6DB00B9A9F7 /* PageEntity.swift */,
			);
			path = Entites;
			sourceTree = "<group>";
		};
		A6D8B1E52110E90A00B9A9F7 /* Utils */ = {
			isa = PBXGroup;
			children = (
				A6D8B1E62110E91700B9A9F7 /* Result.swift */,
				A6D8B1F12110FA5900B9A9F7 /* VoidClosure.swift */,
			);
			path = Utils;
			sourceTree = "<group>";
		};
		A6D8B1E82110ED6500B9A9F7 /* Services */ = {
			isa = PBXGroup;
			children = (
				A6D8B1E92110ED7E00B9A9F7 /* DataProviderTests.swift */,
			);
			path = Services;
			sourceTree = "<group>";
		};
		A6D8B1ED2110F6FD00B9A9F7 /* Stories */ = {
			isa = PBXGroup;
			children = (
				A6D8B20921124E3800B9A9F7 /* FilmListStory */,
				A6D8B1EE2110F72300B9A9F7 /* SearchStory */,
				A6D8B1BE2110E34100B9A9F7 /* Main.storyboard */,
			);
			path = Stories;
			sourceTree = "<group>";
		};
		A6D8B1EE2110F72300B9A9F7 /* SearchStory */ = {
			isa = PBXGroup;
			children = (
				A6D8B1FE21123AC400B9A9F7 /* SearchCoordinator.swift */,
				A6D8B1EF2110F73700B9A9F7 /* SearchViewModel.swift */,
				A6D8B1EB2110F6CF00B9A9F7 /* SearchViewController.swift */,
			);
			path = SearchStory;
			sourceTree = "<group>";
		};
		A6D8B1F72110FE5E00B9A9F7 /* ViewModels */ = {
			isa = PBXGroup;
			children = (
				A6D8B1F52110FE5700B9A9F7 /* SearchViewModelTests.swift */,
			);
			path = ViewModels;
			sourceTree = "<group>";
		};
		A6D8B1F82110FE6E00B9A9F7 /* TestsSupportingClasses */ = {
			isa = PBXGroup;
			children = (
				A6D8B1F92110FE9B00B9A9F7 /* DummyDataProvider.swift */,
			);
			path = TestsSupportingClasses;
			sourceTree = "<group>";
		};
		A6D8B1FD21122D3900B9A9F7 /* Models */ = {
			isa = PBXGroup;
			children = (
				A6D8B2032112477600B9A9F7 /* FilmModel.swift */,
				A6D8B2052112487700B9A9F7 /* PageModel.swift */,
			);
			path = Models;
			sourceTree = "<group>";
		};
		A6D8B20021123AFC00B9A9F7 /* Base */ = {
			isa = PBXGroup;
			children = (
				A6D8B20121123B0900B9A9F7 /* Coordinator.swift */,
			);
			path = Base;
			sourceTree = "<group>";
		};
		A6D8B20921124E3800B9A9F7 /* FilmListStory */ = {
			isa = PBXGroup;
			children = (
			);
			path = FilmListStory;
			sourceTree = "<group>";
		};
/* End PBXGroup section */

/* Begin PBXNativeTarget section */
		A6D8B1B62110E34000B9A9F7 /* themoviedb-app */ = {
			isa = PBXNativeTarget;
			buildConfigurationList = A6D8B1D42110E34200B9A9F7 /* Build configuration list for PBXNativeTarget "themoviedb-app" */;
			buildPhases = (
				A6D8B1B32110E34000B9A9F7 /* Sources */,
				A6D8B1B42110E34000B9A9F7 /* Frameworks */,
				A6D8B1B52110E34000B9A9F7 /* Resources */,
			);
			buildRules = (
			);
			dependencies = (
			);
			name = "themoviedb-app";
			productName = "themoviedb-app";
			productReference = A6D8B1B72110E34000B9A9F7 /* themoviedb-app.app */;
			productType = "com.apple.product-type.application";
		};
		A6D8B1CA2110E34200B9A9F7 /* themoviedb-appTests */ = {
			isa = PBXNativeTarget;
			buildConfigurationList = A6D8B1D72110E34200B9A9F7 /* Build configuration list for PBXNativeTarget "themoviedb-appTests" */;
			buildPhases = (
				A6D8B1C72110E34200B9A9F7 /* Sources */,
				A6D8B1C82110E34200B9A9F7 /* Frameworks */,
				A6D8B1C92110E34200B9A9F7 /* Resources */,
			);
			buildRules = (
			);
			dependencies = (
				A6D8B1CD2110E34200B9A9F7 /* PBXTargetDependency */,
			);
			name = "themoviedb-appTests";
			productName = "themoviedb-appTests";
			productReference = A6D8B1CB2110E34200B9A9F7 /* themoviedb-appTests.xctest */;
			productType = "com.apple.product-type.bundle.unit-test";
		};
/* End PBXNativeTarget section */

/* Begin PBXProject section */
		A6D8B1AF2110E34000B9A9F7 /* Project object */ = {
			isa = PBXProject;
			attributes = {
				LastSwiftUpdateCheck = 0940;
				LastUpgradeCheck = 0940;
				ORGANIZATIONNAME = "Arkady Smirnov";
				TargetAttributes = {
					A6D8B1B62110E34000B9A9F7 = {
						CreatedOnToolsVersion = 9.4.1;
					};
					A6D8B1CA2110E34200B9A9F7 = {
						CreatedOnToolsVersion = 9.4.1;
						TestTargetID = A6D8B1B62110E34000B9A9F7;
					};
				};
			};
			buildConfigurationList = A6D8B1B22110E34000B9A9F7 /* Build configuration list for PBXProject "themoviedb-app" */;
			compatibilityVersion = "Xcode 9.3";
			developmentRegion = en;
			hasScannedForEncodings = 0;
			knownRegions = (
				en,
				Base,
			);
			mainGroup = A6D8B1AE2110E34000B9A9F7;
			productRefGroup = A6D8B1B82110E34000B9A9F7 /* Products */;
			projectDirPath = "";
			projectRoot = "";
			targets = (
				A6D8B1B62110E34000B9A9F7 /* themoviedb-app */,
				A6D8B1CA2110E34200B9A9F7 /* themoviedb-appTests */,
			);
		};
/* End PBXProject section */

/* Begin PBXResourcesBuildPhase section */
		A6D8B1B52110E34000B9A9F7 /* Resources */ = {
			isa = PBXResourcesBuildPhase;
			buildActionMask = 2147483647;
			files = (
				A6D8B1C22110E34200B9A9F7 /* Assets.xcassets in Resources */,
				A6D8B1C02110E34100B9A9F7 /* Main.storyboard in Resources */,
			);
			runOnlyForDeploymentPostprocessing = 0;
		};
		A6D8B1C92110E34200B9A9F7 /* Resources */ = {
			isa = PBXResourcesBuildPhase;
			buildActionMask = 2147483647;
			files = (
			);
			runOnlyForDeploymentPostprocessing = 0;
		};
/* End PBXResourcesBuildPhase section */

/* Begin PBXSourcesBuildPhase section */
		A6D8B1B32110E34000B9A9F7 /* Sources */ = {
			isa = PBXSourcesBuildPhase;
			buildActionMask = 2147483647;
			files = (
				A6D8B1E72110E91700B9A9F7 /* Result.swift in Sources */,
				A6D8B1EC2110F6CF00B9A9F7 /* SearchViewController.swift in Sources */,
				A6D8B1F02110F73700B9A9F7 /* SearchViewModel.swift in Sources */,
				A6D8B1E42110E6DB00B9A9F7 /* PageEntity.swift in Sources */,
				A6D8B1BB2110E34100B9A9F7 /* AppDelegate.swift in Sources */,
				A6D8B20221123B0900B9A9F7 /* Coordinator.swift in Sources */,
				A6D8B2042112477600B9A9F7 /* FilmModel.swift in Sources */,
				A6D8B2062112487700B9A9F7 /* PageModel.swift in Sources */,
				A6D8B20821124B7400B9A9F7 /* DataProviderProtocol.swift in Sources */,
				A6D8B1FF21123AC400B9A9F7 /* SearchCoordinator.swift in Sources */,
				A6D8B1E22110E53A00B9A9F7 /* FilmInfoEnity.swift in Sources */,
				A6D8B1F22110FA5900B9A9F7 /* VoidClosure.swift in Sources */,
				A6D8B1DF2110E4E800B9A9F7 /* DataProvider.swift in Sources */,
			);
			runOnlyForDeploymentPostprocessing = 0;
		};
		A6D8B1C72110E34200B9A9F7 /* Sources */ = {
			isa = PBXSourcesBuildPhase;
			buildActionMask = 2147483647;
			files = (
				A6D8B1FA2110FE9B00B9A9F7 /* DummyDataProvider.swift in Sources */,
				A6D8B1F62110FE5700B9A9F7 /* SearchViewModelTests.swift in Sources */,
				A6D8B1EA2110ED7E00B9A9F7 /* DataProviderTests.swift in Sources */,
			);
			runOnlyForDeploymentPostprocessing = 0;
		};
/* End PBXSourcesBuildPhase section */

/* Begin PBXTargetDependency section */
		A6D8B1CD2110E34200B9A9F7 /* PBXTargetDependency */ = {
			isa = PBXTargetDependency;
			target = A6D8B1B62110E34000B9A9F7 /* themoviedb-app */;
			targetProxy = A6D8B1CC2110E34200B9A9F7 /* PBXContainerItemProxy */;
		};
/* End PBXTargetDependency section */

/* Begin PBXVariantGroup section */
		A6D8B1BE2110E34100B9A9F7 /* Main.storyboard */ = {
			isa = PBXVariantGroup;
			children = (
				A6D8B1BF2110E34100B9A9F7 /* Base */,
			);
			name = Main.storyboard;
			sourceTree = "<group>";
		};
/* End PBXVariantGroup section */

/* Begin XCBuildConfiguration section */
		A6D8B1D22110E34200B9A9F7 /* Debug */ = {
			isa = XCBuildConfiguration;
			buildSettings = {
				ALWAYS_SEARCH_USER_PATHS = NO;
				CLANG_ANALYZER_NONNULL = YES;
				CLANG_ANALYZER_NUMBER_OBJECT_CONVERSION = YES_AGGRESSIVE;
				CLANG_CXX_LANGUAGE_STANDARD = "gnu++14";
				CLANG_CXX_LIBRARY = "libc++";
				CLANG_ENABLE_MODULES = YES;
				CLANG_ENABLE_OBJC_ARC = YES;
				CLANG_ENABLE_OBJC_WEAK = YES;
				CLANG_WARN_BLOCK_CAPTURE_AUTORELEASING = YES;
				CLANG_WARN_BOOL_CONVERSION = YES;
				CLANG_WARN_COMMA = YES;
				CLANG_WARN_CONSTANT_CONVERSION = YES;
				CLANG_WARN_DEPRECATED_OBJC_IMPLEMENTATIONS = YES;
				CLANG_WARN_DIRECT_OBJC_ISA_USAGE = YES_ERROR;
				CLANG_WARN_DOCUMENTATION_COMMENTS = YES;
				CLANG_WARN_EMPTY_BODY = YES;
				CLANG_WARN_ENUM_CONVERSION = YES;
				CLANG_WARN_INFINITE_RECURSION = YES;
				CLANG_WARN_INT_CONVERSION = YES;
				CLANG_WARN_NON_LITERAL_NULL_CONVERSION = YES;
				CLANG_WARN_OBJC_IMPLICIT_RETAIN_SELF = YES;
				CLANG_WARN_OBJC_LITERAL_CONVERSION = YES;
				CLANG_WARN_OBJC_ROOT_CLASS = YES_ERROR;
				CLANG_WARN_RANGE_LOOP_ANALYSIS = YES;
				CLANG_WARN_STRICT_PROTOTYPES = YES;
				CLANG_WARN_SUSPICIOUS_MOVE = YES;
				CLANG_WARN_UNGUARDED_AVAILABILITY = YES_AGGRESSIVE;
				CLANG_WARN_UNREACHABLE_CODE = YES;
				CLANG_WARN__DUPLICATE_METHOD_MATCH = YES;
				CODE_SIGN_IDENTITY = "iPhone Developer";
				COPY_PHASE_STRIP = NO;
				DEBUG_INFORMATION_FORMAT = dwarf;
				ENABLE_STRICT_OBJC_MSGSEND = YES;
				ENABLE_TESTABILITY = YES;
				GCC_C_LANGUAGE_STANDARD = gnu11;
				GCC_DYNAMIC_NO_PIC = NO;
				GCC_NO_COMMON_BLOCKS = YES;
				GCC_OPTIMIZATION_LEVEL = 0;
				GCC_PREPROCESSOR_DEFINITIONS = (
					"DEBUG=1",
					"$(inherited)",
				);
				GCC_WARN_64_TO_32_BIT_CONVERSION = YES;
				GCC_WARN_ABOUT_RETURN_TYPE = YES_ERROR;
				GCC_WARN_UNDECLARED_SELECTOR = YES;
				GCC_WARN_UNINITIALIZED_AUTOS = YES_AGGRESSIVE;
				GCC_WARN_UNUSED_FUNCTION = YES;
				GCC_WARN_UNUSED_VARIABLE = YES;
				IPHONEOS_DEPLOYMENT_TARGET = 11.4;
				MTL_ENABLE_DEBUG_INFO = YES;
				ONLY_ACTIVE_ARCH = YES;
				SDKROOT = iphoneos;
				SWIFT_ACTIVE_COMPILATION_CONDITIONS = DEBUG;
				SWIFT_OPTIMIZATION_LEVEL = "-Onone";
			};
			name = Debug;
		};
		A6D8B1D32110E34200B9A9F7 /* Release */ = {
			isa = XCBuildConfiguration;
			buildSettings = {
				ALWAYS_SEARCH_USER_PATHS = NO;
				CLANG_ANALYZER_NONNULL = YES;
				CLANG_ANALYZER_NUMBER_OBJECT_CONVERSION = YES_AGGRESSIVE;
				CLANG_CXX_LANGUAGE_STANDARD = "gnu++14";
				CLANG_CXX_LIBRARY = "libc++";
				CLANG_ENABLE_MODULES = YES;
				CLANG_ENABLE_OBJC_ARC = YES;
				CLANG_ENABLE_OBJC_WEAK = YES;
				CLANG_WARN_BLOCK_CAPTURE_AUTORELEASING = YES;
				CLANG_WARN_BOOL_CONVERSION = YES;
				CLANG_WARN_COMMA = YES;
				CLANG_WARN_CONSTANT_CONVERSION = YES;
				CLANG_WARN_DEPRECATED_OBJC_IMPLEMENTATIONS = YES;
				CLANG_WARN_DIRECT_OBJC_ISA_USAGE = YES_ERROR;
				CLANG_WARN_DOCUMENTATION_COMMENTS = YES;
				CLANG_WARN_EMPTY_BODY = YES;
				CLANG_WARN_ENUM_CONVERSION = YES;
				CLANG_WARN_INFINITE_RECURSION = YES;
				CLANG_WARN_INT_CONVERSION = YES;
				CLANG_WARN_NON_LITERAL_NULL_CONVERSION = YES;
				CLANG_WARN_OBJC_IMPLICIT_RETAIN_SELF = YES;
				CLANG_WARN_OBJC_LITERAL_CONVERSION = YES;
				CLANG_WARN_OBJC_ROOT_CLASS = YES_ERROR;
				CLANG_WARN_RANGE_LOOP_ANALYSIS = YES;
				CLANG_WARN_STRICT_PROTOTYPES = YES;
				CLANG_WARN_SUSPICIOUS_MOVE = YES;
				CLANG_WARN_UNGUARDED_AVAILABILITY = YES_AGGRESSIVE;
				CLANG_WARN_UNREACHABLE_CODE = YES;
				CLANG_WARN__DUPLICATE_METHOD_MATCH = YES;
				CODE_SIGN_IDENTITY = "iPhone Developer";
				COPY_PHASE_STRIP = NO;
				DEBUG_INFORMATION_FORMAT = "dwarf-with-dsym";
				ENABLE_NS_ASSERTIONS = NO;
				ENABLE_STRICT_OBJC_MSGSEND = YES;
				GCC_C_LANGUAGE_STANDARD = gnu11;
				GCC_NO_COMMON_BLOCKS = YES;
				GCC_WARN_64_TO_32_BIT_CONVERSION = YES;
				GCC_WARN_ABOUT_RETURN_TYPE = YES_ERROR;
				GCC_WARN_UNDECLARED_SELECTOR = YES;
				GCC_WARN_UNINITIALIZED_AUTOS = YES_AGGRESSIVE;
				GCC_WARN_UNUSED_FUNCTION = YES;
				GCC_WARN_UNUSED_VARIABLE = YES;
				IPHONEOS_DEPLOYMENT_TARGET = 11.4;
				MTL_ENABLE_DEBUG_INFO = NO;
				SDKROOT = iphoneos;
				SWIFT_COMPILATION_MODE = wholemodule;
				SWIFT_OPTIMIZATION_LEVEL = "-O";
				VALIDATE_PRODUCT = YES;
			};
			name = Release;
		};
		A6D8B1D52110E34200B9A9F7 /* Debug */ = {
			isa = XCBuildConfiguration;
			buildSettings = {
				ASSETCATALOG_COMPILER_APPICON_NAME = AppIcon;
				CODE_SIGN_STYLE = Automatic;
				DEVELOPMENT_TEAM = 862BKAUBH7;
				INFOPLIST_FILE = "themoviedb-app/Supporting Files/Info.plist";
				IPHONEOS_DEPLOYMENT_TARGET = 9.0;
				LD_RUNPATH_SEARCH_PATHS = (
					"$(inherited)",
					"@executable_path/Frameworks",
				);
				PRODUCT_BUNDLE_IDENTIFIER = "com.arkadysmirnov.themoviedb-app";
				PRODUCT_NAME = "$(TARGET_NAME)";
				SWIFT_VERSION = 4.0;
				TARGETED_DEVICE_FAMILY = 1;
			};
			name = Debug;
		};
		A6D8B1D62110E34200B9A9F7 /* Release */ = {
			isa = XCBuildConfiguration;
			buildSettings = {
				ASSETCATALOG_COMPILER_APPICON_NAME = AppIcon;
				CODE_SIGN_STYLE = Automatic;
				DEVELOPMENT_TEAM = 862BKAUBH7;
				INFOPLIST_FILE = "themoviedb-app/Supporting Files/Info.plist";
				IPHONEOS_DEPLOYMENT_TARGET = 9.0;
				LD_RUNPATH_SEARCH_PATHS = (
					"$(inherited)",
					"@executable_path/Frameworks",
				);
				PRODUCT_BUNDLE_IDENTIFIER = "com.arkadysmirnov.themoviedb-app";
				PRODUCT_NAME = "$(TARGET_NAME)";
				SWIFT_VERSION = 4.0;
				TARGETED_DEVICE_FAMILY = 1;
			};
			name = Release;
		};
		A6D8B1D82110E34200B9A9F7 /* Debug */ = {
			isa = XCBuildConfiguration;
			buildSettings = {
				ALWAYS_EMBED_SWIFT_STANDARD_LIBRARIES = YES;
				BUNDLE_LOADER = "$(TEST_HOST)";
				CODE_SIGN_STYLE = Automatic;
				DEVELOPMENT_TEAM = 862BKAUBH7;
				INFOPLIST_FILE = "themoviedb-appTests/Info.plist";
				LD_RUNPATH_SEARCH_PATHS = (
					"$(inherited)",
					"@executable_path/Frameworks",
					"@loader_path/Frameworks",
				);
				PRODUCT_BUNDLE_IDENTIFIER = "com.arkadysmirnov.themoviedb-appTests";
				PRODUCT_NAME = "$(TARGET_NAME)";
				SWIFT_VERSION = 4.0;
				TARGETED_DEVICE_FAMILY = "1,2";
				TEST_HOST = "$(BUILT_PRODUCTS_DIR)/themoviedb-app.app/themoviedb-app";
			};
			name = Debug;
		};
		A6D8B1D92110E34200B9A9F7 /* Release */ = {
			isa = XCBuildConfiguration;
			buildSettings = {
				ALWAYS_EMBED_SWIFT_STANDARD_LIBRARIES = YES;
				BUNDLE_LOADER = "$(TEST_HOST)";
				CODE_SIGN_STYLE = Automatic;
				DEVELOPMENT_TEAM = 862BKAUBH7;
				INFOPLIST_FILE = "themoviedb-appTests/Info.plist";
				LD_RUNPATH_SEARCH_PATHS = (
					"$(inherited)",
					"@executable_path/Frameworks",
					"@loader_path/Frameworks",
				);
				PRODUCT_BUNDLE_IDENTIFIER = "com.arkadysmirnov.themoviedb-appTests";
				PRODUCT_NAME = "$(TARGET_NAME)";
				SWIFT_VERSION = 4.0;
				TARGETED_DEVICE_FAMILY = "1,2";
				TEST_HOST = "$(BUILT_PRODUCTS_DIR)/themoviedb-app.app/themoviedb-app";
			};
			name = Release;
		};
/* End XCBuildConfiguration section */

/* Begin XCConfigurationList section */
		A6D8B1B22110E34000B9A9F7 /* Build configuration list for PBXProject "themoviedb-app" */ = {
			isa = XCConfigurationList;
			buildConfigurations = (
				A6D8B1D22110E34200B9A9F7 /* Debug */,
				A6D8B1D32110E34200B9A9F7 /* Release */,
			);
			defaultConfigurationIsVisible = 0;
			defaultConfigurationName = Release;
		};
		A6D8B1D42110E34200B9A9F7 /* Build configuration list for PBXNativeTarget "themoviedb-app" */ = {
			isa = XCConfigurationList;
			buildConfigurations = (
				A6D8B1D52110E34200B9A9F7 /* Debug */,
				A6D8B1D62110E34200B9A9F7 /* Release */,
			);
			defaultConfigurationIsVisible = 0;
			defaultConfigurationName = Release;
		};
		A6D8B1D72110E34200B9A9F7 /* Build configuration list for PBXNativeTarget "themoviedb-appTests" */ = {
			isa = XCConfigurationList;
			buildConfigurations = (
				A6D8B1D82110E34200B9A9F7 /* Debug */,
				A6D8B1D92110E34200B9A9F7 /* Release */,
			);
			defaultConfigurationIsVisible = 0;
			defaultConfigurationName = Release;
		};
/* End XCConfigurationList section */
	};
	rootObject = A6D8B1AF2110E34000B9A9F7 /* Project object */;
}
